{
  "lockfileVersion": 1,
  "configVersion": 1,
  "workspaces": {
    "": {
      "name": "enigmatic",
      "dependencies": {
        "jsonc-data": "^0.0.1",
      },
    },
  },
  "packages": {
    "jsonc-data": ["jsonc-data@0.0.1", "", {}, "sha512-jZZE5UQ4TrSLYHRoGB/YfPppWxiQxHEUQnhAPKGbe5Hk73y3HX77l4E/th19hYREmZIsAuCzUesfnOFm5acCYQ=="],
  }
}
