{
  "name": "enigmatic",
  "version": "0.9.22",
  "lockfileVersion": 2,
  "requires": true,
  "packages": {
    "": {
      "name": "enigmatic",
      "version": "0.9.22",
      "dependencies": {
        "jwt-tiny": "^1.0.3",
        "supramap": "github:digplan/supramap"
      }
    },
    "node_modules/jwt-tiny": {
      "version": "1.0.3",
      "resolved": "https://registry.npmjs.org/jwt-tiny/-/jwt-tiny-1.0.3.tgz",
      "integrity": "sha512-q9wqRH7SJludQceiq4lWnFDYslzTA9yTkdkpKVxcnRNyczI29IPafRZ2nLGXLBDaIeWuUbk0FuTwix7sitvGcA==",
      "bin": {
        "jwt-tiny": "test.mjs"
      }
    },
    "node_modules/supramap": {
      "version": "0.1.1",
      "resolved": "git+ssh://git@github.com/digplan/supramap.git#53502e81b37b4dde147eece0c6d0f5694be6f72d",
      "bin": {
        "supramap": "test.mjs"
      }
    }
  },
  "dependencies": {
    "jwt-tiny": {
      "version": "1.0.3",
      "resolved": "https://registry.npmjs.org/jwt-tiny/-/jwt-tiny-1.0.3.tgz",
      "integrity": "sha512-q9wqRH7SJludQceiq4lWnFDYslzTA9yTkdkpKVxcnRNyczI29IPafRZ2nLGXLBDaIeWuUbk0FuTwix7sitvGcA=="
    },
    "supramap": {
      "version": "git+ssh://git@github.com/digplan/supramap.git#53502e81b37b4dde147eece0c6d0f5694be6f72d",
      "from": "supramap@digplan/supramap"
    }
  }
}
