{
  "name": "enigmatic",
  "version": "0.9.22",
  "lockfileVersion": 2,
  "requires": true,
  "packages": {
    "": {
      "version": "0.9.22",
      "dependencies": {
        "jwt-tiny": "^1.0.3"
      }
    },
    "node_modules/jwt-tiny": {
      "version": "1.0.3",
      "resolved": "https://registry.npmjs.org/jwt-tiny/-/jwt-tiny-1.0.3.tgz",
      "integrity": "sha512-q9wqRH7SJludQceiq4lWnFDYslzTA9yTkdkpKVxcnRNyczI29IPafRZ2nLGXLBDaIeWuUbk0FuTwix7sitvGcA==",
      "bin": {
        "jwt-tiny": "test.mjs"
      }
    }
  },
  "dependencies": {
    "jwt-tiny": {
      "version": "1.0.3",
      "resolved": "https://registry.npmjs.org/jwt-tiny/-/jwt-tiny-1.0.3.tgz",
      "integrity": "sha512-q9wqRH7SJludQceiq4lWnFDYslzTA9yTkdkpKVxcnRNyczI29IPafRZ2nLGXLBDaIeWuUbk0FuTwix7sitvGcA=="
    }
  }
}
